
Microsoft Visual Studio Solution File, Format Version 12.00
# Visual Studio Version 17
VisualStudioVersion = 17.13.35919.96
MinimumVisualStudioVersion = 10.0.40219.1
Project("{E24C65DC-7377-472B-9ABA-BC803B73C61A}") = "HW2", ".", "{6CAA98F4-E1A5-5FBF-E8B6-D590BB3FF1BE}"
	ProjectSection(WebsiteProperties) = preProject
		TargetFrameworkMoniker = ".NETFramework,Version%3Dv4.8"
		Debug.AspNetCompiler.VirtualPath = "/localhost_54521"
		Debug.AspNetCompiler.PhysicalPath = "..\HW2\"
		Debug.AspNetCompiler.TargetPath = "PrecompiledWeb\localhost_54521\"
		Debug.AspNetCompiler.Updateable = "true"
		Debug.AspNetCompiler.ForceOverwrite = "true"
		Debug.AspNetCompiler.FixedNames = "false"
		Debug.AspNetCompiler.Debug = "True"
		Release.AspNetCompiler.VirtualPath = "/localhost_54521"
		Release.AspNetCompiler.PhysicalPath = "..\HW2\"
		Release.AspNetCompiler.TargetPath = "PrecompiledWeb\localhost_54521\"
		Release.AspNetCompiler.Updateable = "true"
		Release.AspNetCompiler.ForceOverwrite = "true"
		Release.AspNetCompiler.FixedNames = "false"
		Release.AspNetCompiler.Debug = "False"
		VWDPort = "54521"
		SlnRelativePath = "..\HW2\"
	EndProjectSection
EndProject
Global
	GlobalSection(SolutionConfigurationPlatforms) = preSolution
		Debug|Any CPU = Debug|Any CPU
	EndGlobalSection
	GlobalSection(ProjectConfigurationPlatforms) = postSolution
		{6CAA98F4-E1A5-5FBF-E8B6-D590BB3FF1BE}.Debug|Any CPU.ActiveCfg = Debug|Any CPU
		{6CAA98F4-E1A5-5FBF-E8B6-D590BB3FF1BE}.Debug|Any CPU.Build.0 = Debug|Any CPU
	EndGlobalSection
	GlobalSection(SolutionProperties) = preSolution
		HideSolutionNode = FALSE
	EndGlobalSection
	GlobalSection(ExtensibilityGlobals) = postSolution
		SolutionGuid = {E7B67D9A-955B-4594-BBC8-8524E335F1F9}
	EndGlobalSection
EndGlobal
